
Microsoft Visual Studio Solution File, Format Version 12.00
# Visual Studio Version 17
VisualStudioVersion = 17.9.34622.214
MinimumVisualStudioVersion = 10.0.40219.1
Project("{FAE04EC0-301F-11D3-BF4B-00C04F79EFBC}") = "PRELIM_E3_Assignment_SalazarGabrielAngelo_BSIT32E1", "PRELIM_E3_Assignment_SalazarGabrielAngelo_BSIT32E1\PRELIM_E3_Assignment_SalazarGabrielAngelo_BSIT32E1.csproj", "{5E901ABE-1C81-4484-B234-BAAFAFC08DB3}"
EndProject
Global
	GlobalSection(SolutionConfigurationPlatforms) = preSolution
		Debug|Any CPU = Debug|Any CPU
		Release|Any CPU = Release|Any CPU
	EndGlobalSection
	GlobalSection(ProjectConfigurationPlatforms) = postSolution
		{5E901ABE-1C81-4484-B234-BAAFAFC08DB3}.Debug|Any CPU.ActiveCfg = Debug|Any CPU
		{5E901ABE-1C81-4484-B234-BAAFAFC08DB3}.Debug|Any CPU.Build.0 = Debug|Any CPU
		{5E901ABE-1C81-4484-B234-BAAFAFC08DB3}.Release|Any CPU.ActiveCfg = Release|Any CPU
		{5E901ABE-1C81-4484-B234-BAAFAFC08DB3}.Release|Any CPU.Build.0 = Release|Any CPU
	EndGlobalSection
	GlobalSection(SolutionProperties) = preSolution
		HideSolutionNode = FALSE
	EndGlobalSection
	GlobalSection(ExtensibilityGlobals) = postSolution
		SolutionGuid = {D9E087DE-2B75-4450-A85B-A3F8BF5283BB}
	EndGlobalSection
EndGlobal
